# THIS IS AN AUTOGENERATED FILE. DO NOT EDIT THIS FILE DIRECTLY.
# yarn lockfile v1


mobx-miniprogram-bindings@^4.0.0:
  version "4.0.0"
  resolved "https://registry.yarnpkg.com/mobx-miniprogram-bindings/-/mobx-miniprogram-bindings-4.0.0.tgz#6cad124fba567ecb49ce406c13b103dc6078f08b"
  integrity sha512-dckGNgQIaBu8S78klrHsRrMmJCXzZRzlbk8ejklbToKwjoaTGREytQdS73YyHFJWxx6pkfj9jTgXgQW9my/DTw==

mobx-miniprogram@^6.12.3:
  version "6.12.3"
  resolved "https://registry.yarnpkg.com/mobx-miniprogram/-/mobx-miniprogram-6.12.3.tgz#95a7d7e115133734b996b2e678516dc957c3687b"
  integrity sha512-GEq1EG7jZPnrHYV43oppa6jY9lgbNRuGPiXyOFRoluHjd5LIGBf3a+zXMjzO1AVwrFOWvVRazxtzfiRXMUUqZw==
